
Microsoft Visual Studio Solution File, Format Version 12.00
# Visual Studio Version 17
VisualStudioVersion = 17.5.33530.505
MinimumVisualStudioVersion = 10.0.40219.1
Project("{FAE04EC0-301F-11D3-BF4B-00C04F79EFBC}") = "eReaderConverter", "eReaderConverter\eReaderConverter.csproj", "{AA935711-D282-4021-83EA-7942DB49ADCF}"
EndProject
Global
	GlobalSection(SolutionConfigurationPlatforms) = preSolution
		Debug|Any CPU = Debug|Any CPU
		Release|Any CPU = Release|Any CPU
	EndGlobalSection
	GlobalSection(ProjectConfigurationPlatforms) = postSolution
		{AA935711-D282-4021-83EA-7942DB49ADCF}.Debug|Any CPU.ActiveCfg = Debug|Any CPU
		{AA935711-D282-4021-83EA-7942DB49ADCF}.Debug|Any CPU.Build.0 = Debug|Any CPU
		{AA935711-D282-4021-83EA-7942DB49ADCF}.Release|Any CPU.ActiveCfg = Release|Any CPU
		{AA935711-D282-4021-83EA-7942DB49ADCF}.Release|Any CPU.Build.0 = Release|Any CPU
	EndGlobalSection
	GlobalSection(SolutionProperties) = preSolution
		HideSolutionNode = FALSE
	EndGlobalSection
	GlobalSection(ExtensibilityGlobals) = postSolution
		SolutionGuid = {6D653B24-5C0B-4745-BD62-29EB29D06B28}
	EndGlobalSection
EndGlobal
